
Microsoft Visual Studio Solution File, Format Version 12.00
# Visual Studio Version 17
VisualStudioVersion = 17.8.34511.84
MinimumVisualStudioVersion = 10.0.40219.1
Project("{C9674DCB-5085-4A16-B785-4C70DD1589BD}") = "LaboratorioImplementacionTDAH", "LaboratorioImplementacionTDAH.dtproj", "{CFAB1400-0CBA-471A-B0C5-6893BA726401}"
EndProject
Global
	GlobalSection(SolutionConfigurationPlatforms) = preSolution
		Development|Default = Development|Default
	EndGlobalSection
	GlobalSection(ProjectConfigurationPlatforms) = postSolution
		{CFAB1400-0CBA-471A-B0C5-6893BA726401}.Development|Default.ActiveCfg = Development
		{CFAB1400-0CBA-471A-B0C5-6893BA726401}.Development|Default.Build.0 = Development
	EndGlobalSection
	GlobalSection(SolutionProperties) = preSolution
		HideSolutionNode = FALSE
	EndGlobalSection
	GlobalSection(ExtensibilityGlobals) = postSolution
		SolutionGuid = {1AE42AED-969B-4A18-AD49-732D3BEED149}
	EndGlobalSection
EndGlobal
