
Microsoft Visual Studio Solution File, Format Version 12.00
# Visual Studio Version 17
VisualStudioVersion = 17.8.34408.163
MinimumVisualStudioVersion = 10.0.40219.1
Project("{C9674DCB-5085-4A16-B785-4C70DD1589BD}") = "EjemploETL", "EjemploETL.dtproj", "{BCF496A6-2A96-4CA8-8464-709FC4937D3A}"
EndProject
Global
	GlobalSection(SolutionConfigurationPlatforms) = preSolution
		Development|Default = Development|Default
	EndGlobalSection
	GlobalSection(ProjectConfigurationPlatforms) = postSolution
		{BCF496A6-2A96-4CA8-8464-709FC4937D3A}.Development|Default.ActiveCfg = Development
		{BCF496A6-2A96-4CA8-8464-709FC4937D3A}.Development|Default.Build.0 = Development
	EndGlobalSection
	GlobalSection(SolutionProperties) = preSolution
		HideSolutionNode = FALSE
	EndGlobalSection
	GlobalSection(ExtensibilityGlobals) = postSolution
		SolutionGuid = {87B19E7C-91EB-412C-B79D-7BB31EBBCFCA}
	EndGlobalSection
EndGlobal
